
Microsoft Visual Studio Solution File, Format Version 12.00
# Visual Studio Version 17
VisualStudioVersion = 17.3.32901.215
MinimumVisualStudioVersion = 10.0.40219.1
Project("{FAE04EC0-301F-11D3-BF4B-00C04F79EFBC}") = "BookStoreApp.API", "BookStoreApp.API\BookStoreApp.API.csproj", "{66F0AF8D-C20F-43C6-BA67-A51624288C0B}"
EndProject
Global
	GlobalSection(SolutionConfigurationPlatforms) = preSolution
		Debug|Any CPU = Debug|Any CPU
		Release|Any CPU = Release|Any CPU
	EndGlobalSection
	GlobalSection(ProjectConfigurationPlatforms) = postSolution
		{66F0AF8D-C20F-43C6-BA67-A51624288C0B}.Debug|Any CPU.ActiveCfg = Debug|Any CPU
		{66F0AF8D-C20F-43C6-BA67-A51624288C0B}.Debug|Any CPU.Build.0 = Debug|Any CPU
		{66F0AF8D-C20F-43C6-BA67-A51624288C0B}.Release|Any CPU.ActiveCfg = Release|Any CPU
		{66F0AF8D-C20F-43C6-BA67-A51624288C0B}.Release|Any CPU.Build.0 = Release|Any CPU
	EndGlobalSection
	GlobalSection(SolutionProperties) = preSolution
		HideSolutionNode = FALSE
	EndGlobalSection
	GlobalSection(ExtensibilityGlobals) = postSolution
		SolutionGuid = {EA816994-6186-426F-9D9C-557E5FBD75E5}
	EndGlobalSection
EndGlobal
